
Microsoft Visual Studio Solution File, Format Version 12.00
# Visual Studio Version 17
VisualStudioVersion = 17.0.31919.166
MinimumVisualStudioVersion = 10.0.40219.1
Project("{FAE04EC0-301F-11D3-BF4B-00C04F79EFBC}") = "MemoryIssue31", "MemoryIssue31\MemoryIssue31.csproj", "{A2204414-ABC8-4E8B-95A0-B1655D95DC5B}"
EndProject
Global
	GlobalSection(SolutionConfigurationPlatforms) = preSolution
		Debug|Any CPU = Debug|Any CPU
		Release|Any CPU = Release|Any CPU
	EndGlobalSection
	GlobalSection(ProjectConfigurationPlatforms) = postSolution
		{A2204414-ABC8-4E8B-95A0-B1655D95DC5B}.Debug|Any CPU.ActiveCfg = Debug|Any CPU
		{A2204414-ABC8-4E8B-95A0-B1655D95DC5B}.Debug|Any CPU.Build.0 = Debug|Any CPU
		{A2204414-ABC8-4E8B-95A0-B1655D95DC5B}.Release|Any CPU.ActiveCfg = Release|Any CPU
		{A2204414-ABC8-4E8B-95A0-B1655D95DC5B}.Release|Any CPU.Build.0 = Release|Any CPU
	EndGlobalSection
	GlobalSection(SolutionProperties) = preSolution
		HideSolutionNode = FALSE
	EndGlobalSection
	GlobalSection(ExtensibilityGlobals) = postSolution
		SolutionGuid = {FAE402AF-D468-431E-81D3-32533AED9844}
	EndGlobalSection
EndGlobal
